
Microsoft Visual Studio Solution File, Format Version 12.00
# Visual Studio 15
VisualStudioVersion = 15.0.28010.2048
MinimumVisualStudioVersion = 10.0.40219.1
Project("{FAE04EC0-301F-11D3-BF4B-00C04F79EFBC}") = "WorkHours", "WorkHours\WorkHours.csproj", "{3908B29F-A16C-4D3B-B342-D3876C4BAF20}"
EndProject
Global
	GlobalSection(SolutionConfigurationPlatforms) = preSolution
		Debug|Any CPU = Debug|Any CPU
		Release|Any CPU = Release|Any CPU
	EndGlobalSection
	GlobalSection(ProjectConfigurationPlatforms) = postSolution
		{3908B29F-A16C-4D3B-B342-D3876C4BAF20}.Debug|Any CPU.ActiveCfg = Debug|Any CPU
		{3908B29F-A16C-4D3B-B342-D3876C4BAF20}.Debug|Any CPU.Build.0 = Debug|Any CPU
		{3908B29F-A16C-4D3B-B342-D3876C4BAF20}.Release|Any CPU.ActiveCfg = Release|Any CPU
		{3908B29F-A16C-4D3B-B342-D3876C4BAF20}.Release|Any CPU.Build.0 = Release|Any CPU
	EndGlobalSection
	GlobalSection(SolutionProperties) = preSolution
		HideSolutionNode = FALSE
	EndGlobalSection
	GlobalSection(ExtensibilityGlobals) = postSolution
		SolutionGuid = {B0722ACA-9EC2-4AB6-90FE-46B40F2612D6}
	EndGlobalSection
EndGlobal
